{
  "name": "plusev-secrets-browser",
  "version": "0.1.0",
  "lockfileVersion": 3,
  "requires": true,
  "packages": {
    "": {
      "name": "plusev-secrets-browser",
      "version": "0.1.0",
      "dependencies": {
        "@lit-labs/virtualizer": "^2.1.1",
        "@noble/hashes": "^2.2.0",
        "@tp/helpers": "^2.0.0",
        "@tp/tp-button": "^1.0.0",
        "@tp/tp-dialog": "^1.0.0",
        "@tp/tp-form": "^1.0.0",
        "@tp/tp-icon": "^1.0.0",
        "@tp/tp-input": "^1.0.0",
        "@tp/tp-popup": "^1.0.0",
        "@tp/tp-spinner": "^1.0.0",
        "@tp/tp-toaster": "^2.0.0",
        "@tp/tp-tooltip": "^1.0.0",
        "lit": "^3.0.0"
      }
    },
    "node_modules/@lit-labs/ssr-dom-shim": {
      "version": "1.6.0",
      "resolved": "https://registry.npmjs.org/@lit-labs/ssr-dom-shim/-/ssr-dom-shim-1.6.0.tgz",
      "integrity": "sha512-VHb0ALPMTlgKjM6yIxxoQNnpKyUKLD04VzeQdsiXkMqkvYlAHxq9glGLmgbb889/1GsohSOAjvQYoiBppXFqrQ==",
      "license": "BSD-3-Clause"
    },
    "node_modules/@lit-labs/virtualizer": {
      "version": "2.1.1",
      "resolved": "https://registry.npmjs.org/@lit-labs/virtualizer/-/virtualizer-2.1.1.tgz",
      "integrity": "sha512-JWxMwnlouLdwpw8spLTuax53WMnSP3xt0dCyxAS7GJr5Otda9MGgR/ghAdfwhSY75TmjbE1T2TqChwoGCw3ggw==",
      "license": "BSD-3-Clause",
      "dependencies": {
        "lit": "^3.2.0",
        "tslib": "^2.0.3"
      }
    },
    "node_modules/@lit/reactive-element": {
      "version": "2.1.2",
      "resolved": "https://registry.npmjs.org/@lit/reactive-element/-/reactive-element-2.1.2.tgz",
      "integrity": "sha512-pbCDiVMnne1lYUIaYNN5wrwQXDtHaYtg7YEFPeW+hws6U47WeFvISGUWekPGKWOP1ygrs0ef0o1VJMk1exos5A==",
      "license": "BSD-3-Clause",
      "dependencies": {
        "@lit-labs/ssr-dom-shim": "^1.5.0"
      }
    },
    "node_modules/@noble/hashes": {
      "version": "2.2.0",
      "resolved": "https://registry.npmjs.org/@noble/hashes/-/hashes-2.2.0.tgz",
      "integrity": "sha512-IYqDGiTXab6FniAgnSdZwgWbomxpy9FtYvLKs7wCUs2a8RkITG+DFGO1DM9cr+E3/RgADRpFjrKVaJ1z6sjtEg==",
      "license": "MIT",
      "engines": {
        "node": ">= 20.19.0"
      },
      "funding": {
        "url": "https://paulmillr.com/funding/"
      }
    },
    "node_modules/@tp/helpers": {
      "version": "2.12.1",
      "resolved": "https://gitea.codeblob.work/api/packages/tp-elements/npm/%40tp%2Fhelpers/-/2.12.1/helpers-2.12.1.tgz",
      "integrity": "sha512-rrkwWqTDn1KhiqWKFqb8oASVufXyGNRUL5C2Ejsrz8uMJi118P+oeSWmsojRDRT1qdoVgJp60M1H0f1Gn+MiGQ==",
      "license": "Apache-2.0"
    },
    "node_modules/@tp/tp-button": {
      "version": "1.3.4",
      "resolved": "https://gitea.codeblob.work/api/packages/tp-elements/npm/%40tp%2Ftp-button/-/1.3.4/tp-button-1.3.4.tgz",
      "integrity": "sha512-/8Y3eORfMr2G7ILVN6Iu2D1bktddCP3HASz1ljp7ZgP7NfXXV8MAzrUAksnAKpQk20+M3iRPD9Pf8aI+WqKcxw==",
      "license": "Apache-2.0",
      "dependencies": {
        "@tp/helpers": "^1.0.0",
        "@tp/tp-icon": "^1.0.0",
        "@tp/tp-spinner": "^1.0.0",
        "lit": "^2.2.0"
      }
    },
    "node_modules/@tp/tp-button/node_modules/@lit/reactive-element": {
      "version": "1.6.3",
      "resolved": "https://registry.npmjs.org/@lit/reactive-element/-/reactive-element-1.6.3.tgz",
      "integrity": "sha512-QuTgnG52Poic7uM1AN5yJ09QMe0O28e10XzSvWDz02TJiiKee4stsiownEIadWm8nYzyDAyT+gKzUoZmiWQtsQ==",
      "license": "BSD-3-Clause",
      "dependencies": {
        "@lit-labs/ssr-dom-shim": "^1.0.0"
      }
    },
    "node_modules/@tp/tp-button/node_modules/@tp/helpers": {
      "version": "1.3.0",
      "resolved": "https://gitea.codeblob.work/api/packages/tp-elements/npm/%40tp%2Fhelpers/-/1.3.0/helpers-1.3.0.tgz",
      "integrity": "sha512-mOAVP45kkEYXwonaOd5jkFQLX1nbeKtl8YX8FpL2ytON0cOSsh6TUAbCEcMU5xqgyD6L1ZEZNvxCjhOKOKdGyA==",
      "license": "Apache-2.0"
    },
    "node_modules/@tp/tp-button/node_modules/lit": {
      "version": "2.8.0",
      "resolved": "https://registry.npmjs.org/lit/-/lit-2.8.0.tgz",
      "integrity": "sha512-4Sc3OFX9QHOJaHbmTMk28SYgVxLN3ePDjg7hofEft2zWlehFL3LiAuapWc4U/kYwMYJSh2hTCPZ6/LIC7ii0MA==",
      "license": "BSD-3-Clause",
      "dependencies": {
        "@lit/reactive-element": "^1.6.0",
        "lit-element": "^3.3.0",
        "lit-html": "^2.8.0"
      }
    },
    "node_modules/@tp/tp-button/node_modules/lit-element": {
      "version": "3.3.3",
      "resolved": "https://registry.npmjs.org/lit-element/-/lit-element-3.3.3.tgz",
      "integrity": "sha512-XbeRxmTHubXENkV4h8RIPyr8lXc+Ff28rkcQzw3G6up2xg5E8Zu1IgOWIwBLEQsu3cOVFqdYwiVi0hv0SlpqUA==",
      "license": "BSD-3-Clause",
      "dependencies": {
        "@lit-labs/ssr-dom-shim": "^1.1.0",
        "@lit/reactive-element": "^1.3.0",
        "lit-html": "^2.8.0"
      }
    },
    "node_modules/@tp/tp-button/node_modules/lit-html": {
      "version": "2.8.0",
      "resolved": "https://registry.npmjs.org/lit-html/-/lit-html-2.8.0.tgz",
      "integrity": "sha512-o9t+MQM3P4y7M7yNzqAyjp7z+mQGa4NS4CxiyLqFPyFWyc4O+nodLrkrxSaCTrla6M5YOLaT3RpbbqjszB5g3Q==",
      "license": "BSD-3-Clause",
      "dependencies": {
        "@types/trusted-types": "^2.0.2"
      }
    },
    "node_modules/@tp/tp-dialog": {
      "version": "1.5.4",
      "resolved": "https://gitea.codeblob.work/api/packages/tp-elements/npm/%40tp%2Ftp-dialog/-/1.5.4/tp-dialog-1.5.4.tgz",
      "integrity": "sha512-6vJ83TKD5O9MWS/9YvqwOoas57Sz3D5Goauib4I6p9sthIFndIAReaAnSms+dMEwRy9bkv659TUl9zLeQXmz2w==",
      "license": "Apache-2.0",
      "dependencies": {
        "@tp/helpers": "^1.0.1",
        "@tp/tp-icon": "^1.0.0",
        "lit": "^2.2.0"
      }
    },
    "node_modules/@tp/tp-dialog/node_modules/@lit/reactive-element": {
      "version": "1.6.3",
      "resolved": "https://registry.npmjs.org/@lit/reactive-element/-/reactive-element-1.6.3.tgz",
      "integrity": "sha512-QuTgnG52Poic7uM1AN5yJ09QMe0O28e10XzSvWDz02TJiiKee4stsiownEIadWm8nYzyDAyT+gKzUoZmiWQtsQ==",
      "license": "BSD-3-Clause",
      "dependencies": {
        "@lit-labs/ssr-dom-shim": "^1.0.0"
      }
    },
    "node_modules/@tp/tp-dialog/node_modules/@tp/helpers": {
      "version": "1.3.0",
      "resolved": "https://gitea.codeblob.work/api/packages/tp-elements/npm/%40tp%2Fhelpers/-/1.3.0/helpers-1.3.0.tgz",
      "integrity": "sha512-mOAVP45kkEYXwonaOd5jkFQLX1nbeKtl8YX8FpL2ytON0cOSsh6TUAbCEcMU5xqgyD6L1ZEZNvxCjhOKOKdGyA==",
      "license": "Apache-2.0"
    },
    "node_modules/@tp/tp-dialog/node_modules/lit": {
      "version": "2.8.0",
      "resolved": "https://registry.npmjs.org/lit/-/lit-2.8.0.tgz",
      "integrity": "sha512-4Sc3OFX9QHOJaHbmTMk28SYgVxLN3ePDjg7hofEft2zWlehFL3LiAuapWc4U/kYwMYJSh2hTCPZ6/LIC7ii0MA==",
      "license": "BSD-3-Clause",
      "dependencies": {
        "@lit/reactive-element": "^1.6.0",
        "lit-element": "^3.3.0",
        "lit-html": "^2.8.0"
      }
    },
    "node_modules/@tp/tp-dialog/node_modules/lit-element": {
      "version": "3.3.3",
      "resolved": "https://registry.npmjs.org/lit-element/-/lit-element-3.3.3.tgz",
      "integrity": "sha512-XbeRxmTHubXENkV4h8RIPyr8lXc+Ff28rkcQzw3G6up2xg5E8Zu1IgOWIwBLEQsu3cOVFqdYwiVi0hv0SlpqUA==",
      "license": "BSD-3-Clause",
      "dependencies": {
        "@lit-labs/ssr-dom-shim": "^1.1.0",
        "@lit/reactive-element": "^1.3.0",
        "lit-html": "^2.8.0"
      }
    },
    "node_modules/@tp/tp-dialog/node_modules/lit-html": {
      "version": "2.8.0",
      "resolved": "https://registry.npmjs.org/lit-html/-/lit-html-2.8.0.tgz",
      "integrity": "sha512-o9t+MQM3P4y7M7yNzqAyjp7z+mQGa4NS4CxiyLqFPyFWyc4O+nodLrkrxSaCTrla6M5YOLaT3RpbbqjszB5g3Q==",
      "license": "BSD-3-Clause",
      "dependencies": {
        "@types/trusted-types": "^2.0.2"
      }
    },
    "node_modules/@tp/tp-form": {
      "version": "1.2.1",
      "resolved": "https://gitea.codeblob.work/api/packages/tp-elements/npm/%40tp%2Ftp-form/-/1.2.1/tp-form-1.2.1.tgz",
      "integrity": "sha512-CFLjyi6o9myLeUAHKa6Qi/SFN4ECCy5taEHPRfLUaacwG8UPJtBZIBzCkxqdNf/2VnKbhQf7nM/f3KZSt7fZaQ==",
      "license": "Apache-2.0",
      "dependencies": {
        "@tp/helpers": "^2.3.1",
        "lit": "^2.8.0"
      }
    },
    "node_modules/@tp/tp-form/node_modules/@lit/reactive-element": {
      "version": "1.6.3",
      "resolved": "https://registry.npmjs.org/@lit/reactive-element/-/reactive-element-1.6.3.tgz",
      "integrity": "sha512-QuTgnG52Poic7uM1AN5yJ09QMe0O28e10XzSvWDz02TJiiKee4stsiownEIadWm8nYzyDAyT+gKzUoZmiWQtsQ==",
      "license": "BSD-3-Clause",
      "dependencies": {
        "@lit-labs/ssr-dom-shim": "^1.0.0"
      }
    },
    "node_modules/@tp/tp-form/node_modules/lit": {
      "version": "2.8.0",
      "resolved": "https://registry.npmjs.org/lit/-/lit-2.8.0.tgz",
      "integrity": "sha512-4Sc3OFX9QHOJaHbmTMk28SYgVxLN3ePDjg7hofEft2zWlehFL3LiAuapWc4U/kYwMYJSh2hTCPZ6/LIC7ii0MA==",
      "license": "BSD-3-Clause",
      "dependencies": {
        "@lit/reactive-element": "^1.6.0",
        "lit-element": "^3.3.0",
        "lit-html": "^2.8.0"
      }
    },
    "node_modules/@tp/tp-form/node_modules/lit-element": {
      "version": "3.3.3",
      "resolved": "https://registry.npmjs.org/lit-element/-/lit-element-3.3.3.tgz",
      "integrity": "sha512-XbeRxmTHubXENkV4h8RIPyr8lXc+Ff28rkcQzw3G6up2xg5E8Zu1IgOWIwBLEQsu3cOVFqdYwiVi0hv0SlpqUA==",
      "license": "BSD-3-Clause",
      "dependencies": {
        "@lit-labs/ssr-dom-shim": "^1.1.0",
        "@lit/reactive-element": "^1.3.0",
        "lit-html": "^2.8.0"
      }
    },
    "node_modules/@tp/tp-form/node_modules/lit-html": {
      "version": "2.8.0",
      "resolved": "https://registry.npmjs.org/lit-html/-/lit-html-2.8.0.tgz",
      "integrity": "sha512-o9t+MQM3P4y7M7yNzqAyjp7z+mQGa4NS4CxiyLqFPyFWyc4O+nodLrkrxSaCTrla6M5YOLaT3RpbbqjszB5g3Q==",
      "license": "BSD-3-Clause",
      "dependencies": {
        "@types/trusted-types": "^2.0.2"
      }
    },
    "node_modules/@tp/tp-icon": {
      "version": "1.0.2",
      "resolved": "https://gitea.codeblob.work/api/packages/tp-elements/npm/%40tp%2Ftp-icon/-/1.0.2/tp-icon-1.0.2.tgz",
      "integrity": "sha512-sAmnuinKwEfz7/NR+191k0PeTb4FDunsi7ERz27fZp1zTgMlNrT1vLnBxYQX1XqY2SnGQA/l4rx1ZdBUVrH0uw==",
      "license": "Apache-2.0",
      "dependencies": {
        "@tp/tp-tooltip": "^1.0.0",
        "lit": "^2.2.0"
      }
    },
    "node_modules/@tp/tp-icon/node_modules/@lit/reactive-element": {
      "version": "1.6.3",
      "resolved": "https://registry.npmjs.org/@lit/reactive-element/-/reactive-element-1.6.3.tgz",
      "integrity": "sha512-QuTgnG52Poic7uM1AN5yJ09QMe0O28e10XzSvWDz02TJiiKee4stsiownEIadWm8nYzyDAyT+gKzUoZmiWQtsQ==",
      "license": "BSD-3-Clause",
      "dependencies": {
        "@lit-labs/ssr-dom-shim": "^1.0.0"
      }
    },
    "node_modules/@tp/tp-icon/node_modules/lit": {
      "version": "2.8.0",
      "resolved": "https://registry.npmjs.org/lit/-/lit-2.8.0.tgz",
      "integrity": "sha512-4Sc3OFX9QHOJaHbmTMk28SYgVxLN3ePDjg7hofEft2zWlehFL3LiAuapWc4U/kYwMYJSh2hTCPZ6/LIC7ii0MA==",
      "license": "BSD-3-Clause",
      "dependencies": {
        "@lit/reactive-element": "^1.6.0",
        "lit-element": "^3.3.0",
        "lit-html": "^2.8.0"
      }
    },
    "node_modules/@tp/tp-icon/node_modules/lit-element": {
      "version": "3.3.3",
      "resolved": "https://registry.npmjs.org/lit-element/-/lit-element-3.3.3.tgz",
      "integrity": "sha512-XbeRxmTHubXENkV4h8RIPyr8lXc+Ff28rkcQzw3G6up2xg5E8Zu1IgOWIwBLEQsu3cOVFqdYwiVi0hv0SlpqUA==",
      "license": "BSD-3-Clause",
      "dependencies": {
        "@lit-labs/ssr-dom-shim": "^1.1.0",
        "@lit/reactive-element": "^1.3.0",
        "lit-html": "^2.8.0"
      }
    },
    "node_modules/@tp/tp-icon/node_modules/lit-html": {
      "version": "2.8.0",
      "resolved": "https://registry.npmjs.org/lit-html/-/lit-html-2.8.0.tgz",
      "integrity": "sha512-o9t+MQM3P4y7M7yNzqAyjp7z+mQGa4NS4CxiyLqFPyFWyc4O+nodLrkrxSaCTrla6M5YOLaT3RpbbqjszB5g3Q==",
      "license": "BSD-3-Clause",
      "dependencies": {
        "@types/trusted-types": "^2.0.2"
      }
    },
    "node_modules/@tp/tp-input": {
      "version": "1.1.2",
      "resolved": "https://gitea.codeblob.work/api/packages/tp-elements/npm/%40tp%2Ftp-input/-/1.1.2/tp-input-1.1.2.tgz",
      "integrity": "sha512-SAhhLZF5nxul/epgiXay0Q2uGpzXNHhugf7EvPPezOG1WveOpXJPd80AWxhi+Z1LL6kHPRXC3kKUpz6+cA5dQA==",
      "license": "Apache-2.0",
      "dependencies": {
        "@tp/helpers": "^1.0.0",
        "lit": "^2.2.0"
      }
    },
    "node_modules/@tp/tp-input/node_modules/@lit/reactive-element": {
      "version": "1.6.3",
      "resolved": "https://registry.npmjs.org/@lit/reactive-element/-/reactive-element-1.6.3.tgz",
      "integrity": "sha512-QuTgnG52Poic7uM1AN5yJ09QMe0O28e10XzSvWDz02TJiiKee4stsiownEIadWm8nYzyDAyT+gKzUoZmiWQtsQ==",
      "license": "BSD-3-Clause",
      "dependencies": {
        "@lit-labs/ssr-dom-shim": "^1.0.0"
      }
    },
    "node_modules/@tp/tp-input/node_modules/@tp/helpers": {
      "version": "1.3.0",
      "resolved": "https://gitea.codeblob.work/api/packages/tp-elements/npm/%40tp%2Fhelpers/-/1.3.0/helpers-1.3.0.tgz",
      "integrity": "sha512-mOAVP45kkEYXwonaOd5jkFQLX1nbeKtl8YX8FpL2ytON0cOSsh6TUAbCEcMU5xqgyD6L1ZEZNvxCjhOKOKdGyA==",
      "license": "Apache-2.0"
    },
    "node_modules/@tp/tp-input/node_modules/lit": {
      "version": "2.8.0",
      "resolved": "https://registry.npmjs.org/lit/-/lit-2.8.0.tgz",
      "integrity": "sha512-4Sc3OFX9QHOJaHbmTMk28SYgVxLN3ePDjg7hofEft2zWlehFL3LiAuapWc4U/kYwMYJSh2hTCPZ6/LIC7ii0MA==",
      "license": "BSD-3-Clause",
      "dependencies": {
        "@lit/reactive-element": "^1.6.0",
        "lit-element": "^3.3.0",
        "lit-html": "^2.8.0"
      }
    },
    "node_modules/@tp/tp-input/node_modules/lit-element": {
      "version": "3.3.3",
      "resolved": "https://registry.npmjs.org/lit-element/-/lit-element-3.3.3.tgz",
      "integrity": "sha512-XbeRxmTHubXENkV4h8RIPyr8lXc+Ff28rkcQzw3G6up2xg5E8Zu1IgOWIwBLEQsu3cOVFqdYwiVi0hv0SlpqUA==",
      "license": "BSD-3-Clause",
      "dependencies": {
        "@lit-labs/ssr-dom-shim": "^1.1.0",
        "@lit/reactive-element": "^1.3.0",
        "lit-html": "^2.8.0"
      }
    },
    "node_modules/@tp/tp-input/node_modules/lit-html": {
      "version": "2.8.0",
      "resolved": "https://registry.npmjs.org/lit-html/-/lit-html-2.8.0.tgz",
      "integrity": "sha512-o9t+MQM3P4y7M7yNzqAyjp7z+mQGa4NS4CxiyLqFPyFWyc4O+nodLrkrxSaCTrla6M5YOLaT3RpbbqjszB5g3Q==",
      "license": "BSD-3-Clause",
      "dependencies": {
        "@types/trusted-types": "^2.0.2"
      }
    },
    "node_modules/@tp/tp-media-query": {
      "version": "1.0.1",
      "resolved": "https://gitea.codeblob.work/api/packages/tp-elements/npm/%40tp%2Ftp-media-query/-/1.0.1/tp-media-query-1.0.1.tgz",
      "integrity": "sha512-/yfrnXOZjx+QjZkTepyAowd/H3Vss8Q//pzk06ton+g4M0S41zqDH/T3glLXMBVyA2fbh1entoowytxdbIHjkA==",
      "license": "Apache-2.0",
      "dependencies": {
        "lit": "^2.2.0"
      }
    },
    "node_modules/@tp/tp-media-query/node_modules/@lit/reactive-element": {
      "version": "1.6.3",
      "resolved": "https://registry.npmjs.org/@lit/reactive-element/-/reactive-element-1.6.3.tgz",
      "integrity": "sha512-QuTgnG52Poic7uM1AN5yJ09QMe0O28e10XzSvWDz02TJiiKee4stsiownEIadWm8nYzyDAyT+gKzUoZmiWQtsQ==",
      "license": "BSD-3-Clause",
      "dependencies": {
        "@lit-labs/ssr-dom-shim": "^1.0.0"
      }
    },
    "node_modules/@tp/tp-media-query/node_modules/lit": {
      "version": "2.8.0",
      "resolved": "https://registry.npmjs.org/lit/-/lit-2.8.0.tgz",
      "integrity": "sha512-4Sc3OFX9QHOJaHbmTMk28SYgVxLN3ePDjg7hofEft2zWlehFL3LiAuapWc4U/kYwMYJSh2hTCPZ6/LIC7ii0MA==",
      "license": "BSD-3-Clause",
      "dependencies": {
        "@lit/reactive-element": "^1.6.0",
        "lit-element": "^3.3.0",
        "lit-html": "^2.8.0"
      }
    },
    "node_modules/@tp/tp-media-query/node_modules/lit-element": {
      "version": "3.3.3",
      "resolved": "https://registry.npmjs.org/lit-element/-/lit-element-3.3.3.tgz",
      "integrity": "sha512-XbeRxmTHubXENkV4h8RIPyr8lXc+Ff28rkcQzw3G6up2xg5E8Zu1IgOWIwBLEQsu3cOVFqdYwiVi0hv0SlpqUA==",
      "license": "BSD-3-Clause",
      "dependencies": {
        "@lit-labs/ssr-dom-shim": "^1.1.0",
        "@lit/reactive-element": "^1.3.0",
        "lit-html": "^2.8.0"
      }
    },
    "node_modules/@tp/tp-media-query/node_modules/lit-html": {
      "version": "2.8.0",
      "resolved": "https://registry.npmjs.org/lit-html/-/lit-html-2.8.0.tgz",
      "integrity": "sha512-o9t+MQM3P4y7M7yNzqAyjp7z+mQGa4NS4CxiyLqFPyFWyc4O+nodLrkrxSaCTrla6M5YOLaT3RpbbqjszB5g3Q==",
      "license": "BSD-3-Clause",
      "dependencies": {
        "@types/trusted-types": "^2.0.2"
      }
    },
    "node_modules/@tp/tp-popup": {
      "version": "1.3.0",
      "resolved": "https://gitea.codeblob.work/api/packages/tp-elements/npm/%40tp%2Ftp-popup/-/1.3.0/tp-popup-1.3.0.tgz",
      "integrity": "sha512-SnBi1lUjblhd+qE28VAGkFDBlmdQNiX+kuHP3VYkWKFmUyxnds+CxnUtTG0F864R53s2cJdl04/YKu0dHoSXoA==",
      "license": "Apache-2.0",
      "dependencies": {
        "@tp/helpers": "^2.0.0",
        "@tp/tp-icon": "^1.0.1",
        "lit": "^3.0.0"
      }
    },
    "node_modules/@tp/tp-spinner": {
      "version": "1.0.0",
      "resolved": "https://gitea.codeblob.work/api/packages/tp-elements/npm/%40tp%2Ftp-spinner/-/1.0.0/tp-spinner-1.0.0.tgz",
      "integrity": "sha512-/OcQNTxeTQ4u3YYiWZ4GO6CjKbG2N0Oy/En8ryt0E5ggdR+GxW0Z6w/6fHl9qMnChIcZ3sY5XzBmazSP8ISU1Q==",
      "license": "Apache-2.0",
      "dependencies": {
        "lit": "^2.2.0"
      }
    },
    "node_modules/@tp/tp-spinner/node_modules/@lit/reactive-element": {
      "version": "1.6.3",
      "resolved": "https://registry.npmjs.org/@lit/reactive-element/-/reactive-element-1.6.3.tgz",
      "integrity": "sha512-QuTgnG52Poic7uM1AN5yJ09QMe0O28e10XzSvWDz02TJiiKee4stsiownEIadWm8nYzyDAyT+gKzUoZmiWQtsQ==",
      "license": "BSD-3-Clause",
      "dependencies": {
        "@lit-labs/ssr-dom-shim": "^1.0.0"
      }
    },
    "node_modules/@tp/tp-spinner/node_modules/lit": {
      "version": "2.8.0",
      "resolved": "https://registry.npmjs.org/lit/-/lit-2.8.0.tgz",
      "integrity": "sha512-4Sc3OFX9QHOJaHbmTMk28SYgVxLN3ePDjg7hofEft2zWlehFL3LiAuapWc4U/kYwMYJSh2hTCPZ6/LIC7ii0MA==",
      "license": "BSD-3-Clause",
      "dependencies": {
        "@lit/reactive-element": "^1.6.0",
        "lit-element": "^3.3.0",
        "lit-html": "^2.8.0"
      }
    },
    "node_modules/@tp/tp-spinner/node_modules/lit-element": {
      "version": "3.3.3",
      "resolved": "https://registry.npmjs.org/lit-element/-/lit-element-3.3.3.tgz",
      "integrity": "sha512-XbeRxmTHubXENkV4h8RIPyr8lXc+Ff28rkcQzw3G6up2xg5E8Zu1IgOWIwBLEQsu3cOVFqdYwiVi0hv0SlpqUA==",
      "license": "BSD-3-Clause",
      "dependencies": {
        "@lit-labs/ssr-dom-shim": "^1.1.0",
        "@lit/reactive-element": "^1.3.0",
        "lit-html": "^2.8.0"
      }
    },
    "node_modules/@tp/tp-spinner/node_modules/lit-html": {
      "version": "2.8.0",
      "resolved": "https://registry.npmjs.org/lit-html/-/lit-html-2.8.0.tgz",
      "integrity": "sha512-o9t+MQM3P4y7M7yNzqAyjp7z+mQGa4NS4CxiyLqFPyFWyc4O+nodLrkrxSaCTrla6M5YOLaT3RpbbqjszB5g3Q==",
      "license": "BSD-3-Clause",
      "dependencies": {
        "@types/trusted-types": "^2.0.2"
      }
    },
    "node_modules/@tp/tp-timeout-strip": {
      "version": "1.0.1",
      "resolved": "https://gitea.codeblob.work/api/packages/tp-elements/npm/%40tp%2Ftp-timeout-strip/-/1.0.1/tp-timeout-strip-1.0.1.tgz",
      "integrity": "sha512-Iw2BstoE4cANffZCauNkDX9N6Yv3jfN2PrSmGkAo9X1o25tl+o0J3ZrP2ySAJhMma1XqLv/tWP0j3Ubt0UPD+Q==",
      "license": "Apache-2.0",
      "dependencies": {
        "lit": "^3.0.0"
      }
    },
    "node_modules/@tp/tp-toaster": {
      "version": "2.0.0",
      "resolved": "https://gitea.codeblob.work/api/packages/tp-elements/npm/%40tp%2Ftp-toaster/-/2.0.0/tp-toaster-2.0.0.tgz",
      "integrity": "sha512-uAuFUhxQedScZbHedoQrp5WLAXSutQj34WYqIRTHAmrvMRerBHL14D+IXbXHt97Gj5QX+YrsI0D6nGCheawGlQ==",
      "license": "Apache-2.0",
      "dependencies": {
        "@tp/helpers": "^1.2.1",
        "@tp/tp-icon": "^1.0.1",
        "@tp/tp-media-query": "^1.0.0",
        "@tp/tp-timeout-strip": "^1.0.0",
        "lit": "^2.2.0"
      }
    },
    "node_modules/@tp/tp-toaster/node_modules/@lit/reactive-element": {
      "version": "1.6.3",
      "resolved": "https://registry.npmjs.org/@lit/reactive-element/-/reactive-element-1.6.3.tgz",
      "integrity": "sha512-QuTgnG52Poic7uM1AN5yJ09QMe0O28e10XzSvWDz02TJiiKee4stsiownEIadWm8nYzyDAyT+gKzUoZmiWQtsQ==",
      "license": "BSD-3-Clause",
      "dependencies": {
        "@lit-labs/ssr-dom-shim": "^1.0.0"
      }
    },
    "node_modules/@tp/tp-toaster/node_modules/@tp/helpers": {
      "version": "1.3.0",
      "resolved": "https://gitea.codeblob.work/api/packages/tp-elements/npm/%40tp%2Fhelpers/-/1.3.0/helpers-1.3.0.tgz",
      "integrity": "sha512-mOAVP45kkEYXwonaOd5jkFQLX1nbeKtl8YX8FpL2ytON0cOSsh6TUAbCEcMU5xqgyD6L1ZEZNvxCjhOKOKdGyA==",
      "license": "Apache-2.0"
    },
    "node_modules/@tp/tp-toaster/node_modules/lit": {
      "version": "2.8.0",
      "resolved": "https://registry.npmjs.org/lit/-/lit-2.8.0.tgz",
      "integrity": "sha512-4Sc3OFX9QHOJaHbmTMk28SYgVxLN3ePDjg7hofEft2zWlehFL3LiAuapWc4U/kYwMYJSh2hTCPZ6/LIC7ii0MA==",
      "license": "BSD-3-Clause",
      "dependencies": {
        "@lit/reactive-element": "^1.6.0",
        "lit-element": "^3.3.0",
        "lit-html": "^2.8.0"
      }
    },
    "node_modules/@tp/tp-toaster/node_modules/lit-element": {
      "version": "3.3.3",
      "resolved": "https://registry.npmjs.org/lit-element/-/lit-element-3.3.3.tgz",
      "integrity": "sha512-XbeRxmTHubXENkV4h8RIPyr8lXc+Ff28rkcQzw3G6up2xg5E8Zu1IgOWIwBLEQsu3cOVFqdYwiVi0hv0SlpqUA==",
      "license": "BSD-3-Clause",
      "dependencies": {
        "@lit-labs/ssr-dom-shim": "^1.1.0",
        "@lit/reactive-element": "^1.3.0",
        "lit-html": "^2.8.0"
      }
    },
    "node_modules/@tp/tp-toaster/node_modules/lit-html": {
      "version": "2.8.0",
      "resolved": "https://registry.npmjs.org/lit-html/-/lit-html-2.8.0.tgz",
      "integrity": "sha512-o9t+MQM3P4y7M7yNzqAyjp7z+mQGa4NS4CxiyLqFPyFWyc4O+nodLrkrxSaCTrla6M5YOLaT3RpbbqjszB5g3Q==",
      "license": "BSD-3-Clause",
      "dependencies": {
        "@types/trusted-types": "^2.0.2"
      }
    },
    "node_modules/@tp/tp-tooltip": {
      "version": "1.0.0",
      "resolved": "https://gitea.codeblob.work/api/packages/tp-elements/npm/%40tp%2Ftp-tooltip/-/1.0.0/tp-tooltip-1.0.0.tgz",
      "integrity": "sha512-wal/DPJH73rz9RbHg66ZciZUyjqfeTKMSImEVWczwjXGoPTG9n5FL5+tPyikpgFr5KDhDKlW8/Q0niBbGnc5KA==",
      "license": "Apache-2.0",
      "dependencies": {
        "@tp/helpers": "^1.0.0",
        "lit": "^2.2.0"
      }
    },
    "node_modules/@tp/tp-tooltip/node_modules/@lit/reactive-element": {
      "version": "1.6.3",
      "resolved": "https://registry.npmjs.org/@lit/reactive-element/-/reactive-element-1.6.3.tgz",
      "integrity": "sha512-QuTgnG52Poic7uM1AN5yJ09QMe0O28e10XzSvWDz02TJiiKee4stsiownEIadWm8nYzyDAyT+gKzUoZmiWQtsQ==",
      "license": "BSD-3-Clause",
      "dependencies": {
        "@lit-labs/ssr-dom-shim": "^1.0.0"
      }
    },
    "node_modules/@tp/tp-tooltip/node_modules/@tp/helpers": {
      "version": "1.3.0",
      "resolved": "https://gitea.codeblob.work/api/packages/tp-elements/npm/%40tp%2Fhelpers/-/1.3.0/helpers-1.3.0.tgz",
      "integrity": "sha512-mOAVP45kkEYXwonaOd5jkFQLX1nbeKtl8YX8FpL2ytON0cOSsh6TUAbCEcMU5xqgyD6L1ZEZNvxCjhOKOKdGyA==",
      "license": "Apache-2.0"
    },
    "node_modules/@tp/tp-tooltip/node_modules/lit": {
      "version": "2.8.0",
      "resolved": "https://registry.npmjs.org/lit/-/lit-2.8.0.tgz",
      "integrity": "sha512-4Sc3OFX9QHOJaHbmTMk28SYgVxLN3ePDjg7hofEft2zWlehFL3LiAuapWc4U/kYwMYJSh2hTCPZ6/LIC7ii0MA==",
      "license": "BSD-3-Clause",
      "dependencies": {
        "@lit/reactive-element": "^1.6.0",
        "lit-element": "^3.3.0",
        "lit-html": "^2.8.0"
      }
    },
    "node_modules/@tp/tp-tooltip/node_modules/lit-element": {
      "version": "3.3.3",
      "resolved": "https://registry.npmjs.org/lit-element/-/lit-element-3.3.3.tgz",
      "integrity": "sha512-XbeRxmTHubXENkV4h8RIPyr8lXc+Ff28rkcQzw3G6up2xg5E8Zu1IgOWIwBLEQsu3cOVFqdYwiVi0hv0SlpqUA==",
      "license": "BSD-3-Clause",
      "dependencies": {
        "@lit-labs/ssr-dom-shim": "^1.1.0",
        "@lit/reactive-element": "^1.3.0",
        "lit-html": "^2.8.0"
      }
    },
    "node_modules/@tp/tp-tooltip/node_modules/lit-html": {
      "version": "2.8.0",
      "resolved": "https://registry.npmjs.org/lit-html/-/lit-html-2.8.0.tgz",
      "integrity": "sha512-o9t+MQM3P4y7M7yNzqAyjp7z+mQGa4NS4CxiyLqFPyFWyc4O+nodLrkrxSaCTrla6M5YOLaT3RpbbqjszB5g3Q==",
      "license": "BSD-3-Clause",
      "dependencies": {
        "@types/trusted-types": "^2.0.2"
      }
    },
    "node_modules/@types/trusted-types": {
      "version": "2.0.7",
      "resolved": "https://registry.npmjs.org/@types/trusted-types/-/trusted-types-2.0.7.tgz",
      "integrity": "sha512-ScaPdn1dQczgbl0QFTeTOmVHFULt394XJgOQNoyVhZ6r2vLnMLJfBPd53SB52T/3G36VI1/g2MZaX0cwDuXsfw==",
      "license": "MIT"
    },
    "node_modules/lit": {
      "version": "3.3.3",
      "resolved": "https://registry.npmjs.org/lit/-/lit-3.3.3.tgz",
      "integrity": "sha512-fycuvZg/hkpozL00lm1pEJH5nN/lr9ZXd6mJI2HSN4+Bzc+LDNdEApJ6HFbPkdFNHLvOplIIuJvxkS4XUxqirw==",
      "license": "BSD-3-Clause",
      "dependencies": {
        "@lit/reactive-element": "^2.1.0",
        "lit-element": "^4.2.0",
        "lit-html": "^3.3.0"
      }
    },
    "node_modules/lit-element": {
      "version": "4.2.2",
      "resolved": "https://registry.npmjs.org/lit-element/-/lit-element-4.2.2.tgz",
      "integrity": "sha512-aFKhNToWxoyhkNDmWZwEva2SlQia+jfG0fjIWV//YeTaWrVnOxD89dPKfigCUspXFmjzOEUQpOkejH5Ly6sG0w==",
      "license": "BSD-3-Clause",
      "dependencies": {
        "@lit-labs/ssr-dom-shim": "^1.5.0",
        "@lit/reactive-element": "^2.1.0",
        "lit-html": "^3.3.0"
      }
    },
    "node_modules/lit-html": {
      "version": "3.3.3",
      "resolved": "https://registry.npmjs.org/lit-html/-/lit-html-3.3.3.tgz",
      "integrity": "sha512-el8M6jK2o3RXBnrSHX3ZKrsN8zEV63pSExTO1wYJz7QndGYZ8353e2a5PPX+qHe2aGayfnchQmkAojaWAREOIA==",
      "license": "BSD-3-Clause",
      "dependencies": {
        "@types/trusted-types": "^2.0.2"
      }
    },
    "node_modules/tslib": {
      "version": "2.8.1",
      "resolved": "https://registry.npmjs.org/tslib/-/tslib-2.8.1.tgz",
      "integrity": "sha512-oJFu94HQb+KVduSUQL7wnpmqnfmLsOA/nAh6b6EH0wCEoK0/mPeXU6c3wKDV83MkOuHPRHtSXKKU99IBazS/2w==",
      "license": "0BSD"
    }
  }
}
